{
    "requires": true,
    "lockfileVersion": 1,
    "dependencies": {
        "@oroinc/autobahnjs": {
            "version": "0.8.0",
            "resolved": "https://registry.npmjs.org/@oroinc/autobahnjs/-/autobahnjs-0.8.0.tgz",
            "integrity": "sha512-oDef6KkE5Ir8ljtxxk6CcR8y3Rps6LkH/9pgGpc74UwsdiXTGSJP8zsDb4ij69n+Zv590rzVAfPYNTSSDQK2bw=="
        },
        "@oroinc/backbone.pageable": {
            "version": "1.2.3",
            "resolved": "https://registry.npmjs.org/@oroinc/backbone.pageable/-/backbone.pageable-1.2.3.tgz",
            "integrity": "sha512-HCJssGAtINpdVy5mdTyTCQvvRWHXeJ9cX5ETpiYn5/DubAghDCaD/qFn0ymiWunOakTfh0u8v5nOIdpvM3FbCA==",
            "requires": {
                "backbone": ">=0.9.9 < 1.0.0 || >= 1.0.1",
                "underscore": "~1.4.0"
            },
            "dependencies": {
                "underscore": {
                    "version": "1.4.4",
                    "resolved": "https://registry.npmjs.org/underscore/-/underscore-1.4.4.tgz",
                    "integrity": "sha1-YaajIBBiKvoHljvzJSA88SI51gQ="
                }
            }
        },
        "@oroinc/jquery-ajax-queue": {
            "version": "0.0.1",
            "resolved": "https://registry.npmjs.org/@oroinc/jquery-ajax-queue/-/jquery-ajax-queue-0.0.1.tgz",
            "integrity": "sha512-7xs47c7FzN95uuH62v4EoE9HRKgy/Rq7HKwcQoDnEY/WFmcA9FFHi7V3l0aPF+2XL2zhffdJpbfYw/Mkfc2Cqw=="
        },
        "@oroinc/jquery.nicescroll": {
            "version": "3.6.6",
            "resolved": "https://registry.npmjs.org/@oroinc/jquery.nicescroll/-/jquery.nicescroll-3.6.6.tgz",
            "integrity": "sha512-CNfwOKf4VkxCmenBTCeu62UuA6Mp85WnQm8BqrObswK28NuJMwLo2MoYaqqAke5VK3hos5Q45UXRT6E2XhrBqA==",
            "requires": {
                "jquery": ">=1.8.3"
            }
        },
        "@oroinc/jsplumb": {
            "version": "1.7.10",
            "resolved": "https://registry.npmjs.org/@oroinc/jsplumb/-/jsplumb-1.7.10.tgz",
            "integrity": "sha512-WxGSRbHhXfFPbeMFup1GRrN6XsJ3c1vsshQYztxA5g7TiBAkDtrD00/5wJLQewNLYaZsDGkwpnPIq/2mKWv0XA=="
        },
        "@oroinc/select2": {
            "version": "3.4.1",
            "resolved": "https://registry.npmjs.org/@oroinc/select2/-/select2-3.4.1.tgz",
            "integrity": "sha512-R+MhYCMXwEirRa/+gg3HwjUnHEEdVu7XoWh3OrmvNhIpYzBxSX6gAr8xihEe3pFSx7UNitSP5R+KQ3PZHKLtBA=="
        },
        "Base64": {
            "version": "1.0.2",
            "resolved": "https://registry.npmjs.org/Base64/-/Base64-1.0.2.tgz",
            "integrity": "sha512-WufIun24IbKXKBCGmxau2cYAaGLJ1GJjXcqTUyUzYiQImCreWwvTagnZd9k3nHGPAdPxpvC+4FNN1OhQH2Vz7g=="
        },
        "asap": {
            "version": "2.0.6",
            "resolved": "https://registry.npmjs.org/asap/-/asap-2.0.6.tgz",
            "integrity": "sha1-5QNHYR1+aQlDIIu9r+vLwvuGbUY="
        },
        "autolinker": {
            "version": "1.6.2",
            "resolved": "https://registry.npmjs.org/autolinker/-/autolinker-1.6.2.tgz",
            "integrity": "sha512-IKLGtYFb3jzGTtgCpb4bm//1sXmmmgmr0msKshhYoc7EsWmLCFvuyxLcEIfcZ5gbCgZGXrnXkOkcBblOFEnlog=="
        },
        "backbone": {
            "version": "1.4.0",
            "resolved": "https://registry.npmjs.org/backbone/-/backbone-1.4.0.tgz",
            "integrity": "sha512-RLmDrRXkVdouTg38jcgHhyQ/2zjg7a8E6sz2zxfz21Hh17xDJYUHBZimVIt5fUyS8vbfpeSmTL3gUjTEvUV3qQ==",
            "requires": {
                "underscore": ">=1.8.3"
            }
        },
        "backgrid": {
            "version": "0.3.7",
            "resolved": "https://registry.npmjs.org/backgrid/-/backgrid-0.3.7.tgz",
            "integrity": "sha1-Jd5JIWNVh6A1rFJemwGAYcEcXNA=",
            "requires": {
                "backbone": "~1.2.3",
                "underscore": "^1.8.0"
            },
            "dependencies": {
                "backbone": {
                    "version": "1.2.3",
                    "resolved": "https://registry.npmjs.org/backbone/-/backbone-1.2.3.tgz",
                    "integrity": "sha1-wiz9B/yG676uYdGJKe0RXpmdZbk=",
                    "requires": {
                        "underscore": ">=1.7.0"
                    }
                }
            }
        },
        "bean": {
            "version": "1.0.6",
            "resolved": "https://registry.npmjs.org/bean/-/bean-1.0.6.tgz",
            "integrity": "sha1-qLl25dLUhig+lAWD0EuoS+RCBos="
        },
        "bootstrap": {
            "version": "4.3.1",
            "resolved": "https://registry.npmjs.org/bootstrap/-/bootstrap-4.3.1.tgz",
            "integrity": "sha512-rXqOmH1VilAt2DyPzluTi2blhk17bO7ef+zLLPlWvG494pDxcM234pJ8wTc/6R40UWizAIIMgxjvxZg5kmsbag=="
        },
        "crypto-js": {
            "version": "3.1.7",
            "resolved": "https://registry.npmjs.org/crypto-js/-/crypto-js-3.1.7.tgz",
            "integrity": "sha1-rSnTZEAdLbr8Jxy75MozBLR3x3c="
        },
        "css-vars-ponyfill": {
            "version": "2.3.1",
            "resolved": "https://registry.npmjs.org/css-vars-ponyfill/-/css-vars-ponyfill-2.3.1.tgz",
            "integrity": "sha512-LHLFhKKQChkQz6nItHU1ZA/ABYJbw489eF0APx2a2FvjT32fAnbqriTLzKsl4KXowuVXcwoRWh8iQNO7wNzuGA=="
        },
        "datepair.js": {
            "version": "0.4.16",
            "resolved": "https://registry.npmjs.org/datepair.js/-/datepair.js-0.4.16.tgz",
            "integrity": "sha512-inpm1pwjYNSK96uo6cnn3e/HmQlmk/XpAWg/6isu99rXk9SfybrJ6KregEin3A5F3oav0zCw20uG/Y+qC6uwsw=="
        },
        "flotr2": {
            "version": "0.1.0",
            "resolved": "https://registry.npmjs.org/flotr2/-/flotr2-0.1.0.tgz",
            "integrity": "sha1-jTGw0bPcRvXjme3reheeB1s24DY="
        },
        "focus-visible": {
            "version": "5.0.2",
            "resolved": "https://registry.npmjs.org/focus-visible/-/focus-visible-5.0.2.tgz",
            "integrity": "sha512-zT2fj/bmOgEBjqGbURGlowTmCwsIs3bRDMr/sFZz8Ly7VkEiwuCn9swNTL3pPuf8Oua2de7CLuKdnuNajWdDsQ=="
        },
        "font-awesome": {
            "version": "4.7.0",
            "resolved": "https://registry.npmjs.org/font-awesome/-/font-awesome-4.7.0.tgz",
            "integrity": "sha1-j6jPBBGhoxr9B7BtKQK7n8gVoTM="
        },
        "fullcalendar": {
            "version": "3.4.0",
            "resolved": "https://registry.npmjs.org/fullcalendar/-/fullcalendar-3.4.0.tgz",
            "integrity": "sha1-NNq/8qvl6F9wAlx4mludw+pMR2I=",
            "requires": {
                "jquery": "2 - 3",
                "moment": "^2.9.0"
            }
        },
        "fuse.js": {
            "version": "3.2.1",
            "resolved": "https://registry.npmjs.org/fuse.js/-/fuse.js-3.2.1.tgz",
            "integrity": "sha1-YyDLlM5W7JdVyJred1vNuwNY1CU="
        },
        "jquery": {
            "version": "3.5.1",
            "resolved": "https://registry.npmjs.org/jquery/-/jquery-3.5.1.tgz",
            "integrity": "sha512-XwIBPqcMn57FxfT+Go5pzySnm4KWkT1Tv7gjrpT1srtf8Weynl6R273VJ5GjkRb51IzMp5nbaPjJXMWeju2MKg=="
        },
        "jquery-form": {
            "version": "4.2.1",
            "resolved": "https://registry.npmjs.org/jquery-form/-/jquery-form-4.2.1.tgz",
            "integrity": "sha1-hn00Fct3uOciOqpwHw5IHdFq1cI=",
            "requires": {
                "jquery": ">=1.7"
            }
        },
        "jquery-mousewheel": {
            "version": "3.1.13",
            "resolved": "https://registry.npmjs.org/jquery-mousewheel/-/jquery-mousewheel-3.1.13.tgz",
            "integrity": "sha1-BvAzXxbjU6aV5yBr9QUDy1I6buU="
        },
        "jquery-numeric": {
            "version": "1.5.0",
            "resolved": "https://registry.npmjs.org/jquery-numeric/-/jquery-numeric-1.5.0.tgz",
            "integrity": "sha1-qN33o5U2Yu80Pw7vsc6PzvNcZ0Q="
        },
        "jquery-ui": {
            "version": "1.12.1",
            "resolved": "https://registry.npmjs.org/jquery-ui/-/jquery-ui-1.12.1.tgz",
            "integrity": "sha1-vLQEXI3QU5wTS8FIjN0+dop6nlE="
        },
        "jquery-ui-multiselect-widget": {
            "version": "2.0.1",
            "resolved": "https://registry.npmjs.org/jquery-ui-multiselect-widget/-/jquery-ui-multiselect-widget-2.0.1.tgz",
            "integrity": "sha1-tynYn5OsuiemZQU7wjXiSwh8Pao="
        },
        "jquery-validation": {
            "version": "1.16.0",
            "resolved": "https://registry.npmjs.org/jquery-validation/-/jquery-validation-1.16.0.tgz",
            "integrity": "sha1-tuUnfrvWfB+rqyE+tEVO6oowlco=",
            "requires": {
                "jquery": "^1.7 || ^2.0 || ^3.1"
            }
        },
        "jquery.cookie": {
            "version": "1.4.1",
            "resolved": "https://registry.npmjs.org/jquery.cookie/-/jquery.cookie-1.4.1.tgz",
            "integrity": "sha1-1j3OIJ6raR/mMxbbCMqeR+D5OFs="
        },
        "jquery.uniform": {
            "version": "4.3.0",
            "resolved": "https://registry.npmjs.org/jquery.uniform/-/jquery.uniform-4.3.0.tgz",
            "integrity": "sha512-uQg1+IN/dZrLjLuyk3fGnCFx+irPhKCd8FmIZEwXbAEprxh6wn2TY45R3MafOFffD20czygRg2xCBw0I06w+mQ==",
            "requires": {
                "jquery": "^3.3.1"
            },
            "dependencies": {
                "jquery": {
                    "version": "3.3.1",
                    "bundled": true
                }
            }
        },
        "jstree": {
            "version": "3.3.9",
            "resolved": "https://registry.npmjs.org/jstree/-/jstree-3.3.9.tgz",
            "integrity": "sha512-jRIbhg+BHrIs1Wm6oiJt3oKTVBE6sWS0PCp2/RlkIUqsLUPWUYgV3q8LfKoi1/E+YMzGtP6BuK4okk+0mwfmhQ==",
            "requires": {
                "jquery": ">=1.9.1"
            }
        },
        "lightgallery": {
            "version": "1.4.0",
            "resolved": "https://registry.npmjs.org/lightgallery/-/lightgallery-1.4.0.tgz",
            "integrity": "sha1-pQlOOx7mOwQ8SSOJaBXV7Fw8g18=",
            "requires": {
                "jquery": ">=1.7.0"
            }
        },
        "moment": {
            "version": "2.24.0",
            "resolved": "https://registry.npmjs.org/moment/-/moment-2.24.0.tgz",
            "integrity": "sha512-bV7f+6l2QigeBBZSM/6yTNq4P2fNpSWj/0e7jQcy87A8e7o2nAfP/34/2ky5Vw4B9S446EtIhodAzkFCcR4dQg=="
        },
        "moment-timezone": {
            "version": "0.5.31",
            "resolved": "https://registry.npmjs.org/moment-timezone/-/moment-timezone-0.5.31.tgz",
            "integrity": "sha512-+GgHNg8xRhMXfEbv81iDtrVeTcWt0kWmTEY1XQK14dICTXnWJnT0dxdlPspwqF3keKMVPXwayEsk1DI0AA/jdA==",
            "requires": {
                "moment": ">= 2.9.0"
            }
        },
        "numeral": {
            "version": "2.0.6",
            "resolved": "https://registry.npmjs.org/numeral/-/numeral-2.0.6.tgz",
            "integrity": "sha1-StCAk21EPCVhrtnyGX7//iX05QY="
        },
        "overlayscrollbars": {
            "version": "1.6.3",
            "resolved": "https://registry.npmjs.org/overlayscrollbars/-/overlayscrollbars-1.6.3.tgz",
            "integrity": "sha512-IFE8tBMUC+zbxEz+aQIRxzVDqh7kVO6PYiLxQbHDrEsxcfEIQa/T/ThSBh1SKATTFB15A3h4Ea8L8rM7kWHpAA=="
        },
        "popper.js": {
            "version": "1.14.7",
            "resolved": "https://registry.npmjs.org/popper.js/-/popper.js-1.14.7.tgz",
            "integrity": "sha512-4q1hNvoUre/8srWsH7hnoSJ5xVmIL4qgz+s4qf2TnJIMyZFUFMGH+9vE7mXynAlHSZ/NdTmmow86muD0myUkVQ=="
        },
        "scriptjs": {
            "version": "2.5.9",
            "resolved": "https://registry.npmjs.org/scriptjs/-/scriptjs-2.5.9.tgz",
            "integrity": "sha512-qGVDoreyYiP1pkQnbnFAUIS5AjenNwwQBdl7zeos9etl+hYKWahjRTfzAZZYBv5xNHx7vNKCmaLDQZ6Fr2AEXg=="
        },
        "slick-carousel": {
            "version": "1.6.0",
            "resolved": "https://registry.npmjs.org/slick-carousel/-/slick-carousel-1.6.0.tgz",
            "integrity": "sha1-eA83jkcPTm9r7BqiuuBHX0+esIU=",
            "requires": {
                "jquery": ">=1.7.2"
            }
        },
        "timepicker": {
            "version": "1.11.15",
            "resolved": "https://registry.npmjs.org/timepicker/-/timepicker-1.11.15.tgz",
            "integrity": "sha512-itCpFBnpCqsiAAuSsdRFjF7tb8Tpqm7btYN1P0Rea9yqcLI1M60F/OGDHegjxT+ZD5mt5Pv7pZqrPySf6gcpBg==",
            "requires": {
                "jquery": ">=1.7"
            }
        },
        "underscore": {
            "version": "1.9.2",
            "resolved": "https://registry.npmjs.org/underscore/-/underscore-1.9.2.tgz",
            "integrity": "sha512-D39qtimx0c1fI3ya1Lnhk3E9nONswSKhnffBI0gME9C99fYOkNi04xs8K6pePLhvl1frbDemkaBQ5ikWllR2HQ=="
        },
        "when": {
            "version": "2.4.0",
            "resolved": "https://registry.npmjs.org/when/-/when-2.4.0.tgz",
            "integrity": "sha1-S3YhcKTe5nE1vWKsPSLMT8ZM+DE="
        },
        "xregexp": {
            "version": "3.2.0",
            "resolved": "https://registry.npmjs.org/xregexp/-/xregexp-3.2.0.tgz",
            "integrity": "sha1-yzYBmHv+JpW1hAAMGPHEqMMih44="
        }
    }
}
